// !$*UTF8*$!
{
	archiveVersion = 1;
	classes = {
	};
	objectVersion = 56;
	objects = {

/* Begin PBXBuildFile section */
		BD2490132AA8650E00AFB885 /* AppDelegate.swift in Sources */ = {isa = PBXBuildFile; fileRef = BD2490122AA8650E00AFB885 /* AppDelegate.swift */; };
		BD2490152AA8650E00AFB885 /* SceneDelegate.swift in Sources */ = {isa = PBXBuildFile; fileRef = BD2490142AA8650E00AFB885 /* SceneDelegate.swift */; };
		BD2490172AA8650E00AFB885 /* ViewController.swift in Sources */ = {isa = PBXBuildFile; fileRef = BD2490162AA8650E00AFB885 /* ViewController.swift */; };
		BD24901A2AA8650E00AFB885 /* Main.storyboard in Resources */ = {isa = PBXBuildFile; fileRef = BD2490182AA8650E00AFB885 /* Main.storyboard */; };
		BD24901C2AA8651000AFB885 /* Assets.xcassets in Resources */ = {isa = PBXBuildFile; fileRef = BD24901B2AA8651000AFB885 /* Assets.xcassets */; };
		BD24901F2AA8651000AFB885 /* LaunchScreen.storyboard in Resources */ = {isa = PBXBuildFile; fileRef = BD24901D2AA8651000AFB885 /* LaunchScreen.storyboard */; };
		BD2851442AA957F20063BCE3 /* ProfileViewController.swift in Sources */ = {isa = PBXBuildFile; fileRef = BD2851432AA957F20063BCE3 /* ProfileViewController.swift */; };
		BD2851472AA973110063BCE3 /* SnapKit in Frameworks */ = {isa = PBXBuildFile; productRef = BD2851462AA973110063BCE3 /* SnapKit */; };
		BD28514B2AA9F8910063BCE3 /* ConversationsListViewController.swift in Sources */ = {isa = PBXBuildFile; fileRef = BD28514A2AA9F8910063BCE3 /* ConversationsListViewController.swift */; };
		BD28514D2AA9FFAA0063BCE3 /* ConversationsListViewCell.swift in Sources */ = {isa = PBXBuildFile; fileRef = BD28514C2AA9FFAA0063BCE3 /* ConversationsListViewCell.swift */; };
		BD28514F2AACCA700063BCE3 /* ConversationCellModel.swift in Sources */ = {isa = PBXBuildFile; fileRef = BD28514E2AACCA700063BCE3 /* ConversationCellModel.swift */; };
		BD2851512AADE91A0063BCE3 /* ConfigurableViewProtocol.swift in Sources */ = {isa = PBXBuildFile; fileRef = BD2851502AADE91A0063BCE3 /* ConfigurableViewProtocol.swift */; };
		BD2851532AAF13680063BCE3 /* ConversationViewController.swift in Sources */ = {isa = PBXBuildFile; fileRef = BD2851522AAF13680063BCE3 /* ConversationViewController.swift */; };
/* End PBXBuildFile section */

/* Begin PBXFileReference section */
		BD24900F2AA8650E00AFB885 /* Chat.app */ = {isa = PBXFileReference; explicitFileType = wrapper.application; includeInIndex = 0; path = Chat.app; sourceTree = BUILT_PRODUCTS_DIR; };
		BD2490122AA8650E00AFB885 /* AppDelegate.swift */ = {isa = PBXFileReference; lastKnownFileType = sourcecode.swift; path = AppDelegate.swift; sourceTree = "<group>"; };
		BD2490142AA8650E00AFB885 /* SceneDelegate.swift */ = {isa = PBXFileReference; lastKnownFileType = sourcecode.swift; path = SceneDelegate.swift; sourceTree = "<group>"; };
		BD2490162AA8650E00AFB885 /* ViewController.swift */ = {isa = PBXFileReference; lastKnownFileType = sourcecode.swift; path = ViewController.swift; sourceTree = "<group>"; };
		BD2490192AA8650E00AFB885 /* Base */ = {isa = PBXFileReference; lastKnownFileType = file.storyboard; name = Base; path = Base.lproj/Main.storyboard; sourceTree = "<group>"; };
		BD24901B2AA8651000AFB885 /* Assets.xcassets */ = {isa = PBXFileReference; lastKnownFileType = folder.assetcatalog; path = Assets.xcassets; sourceTree = "<group>"; };
		BD24901E2AA8651000AFB885 /* Base */ = {isa = PBXFileReference; lastKnownFileType = file.storyboard; name = Base; path = Base.lproj/LaunchScreen.storyboard; sourceTree = "<group>"; };
		BD2490202AA8651000AFB885 /* Info.plist */ = {isa = PBXFileReference; lastKnownFileType = text.plist.xml; path = Info.plist; sourceTree = "<group>"; };
		BD2851432AA957F20063BCE3 /* ProfileViewController.swift */ = {isa = PBXFileReference; lastKnownFileType = sourcecode.swift; path = ProfileViewController.swift; sourceTree = "<group>"; };
		BD28514A2AA9F8910063BCE3 /* ConversationsListViewController.swift */ = {isa = PBXFileReference; lastKnownFileType = sourcecode.swift; path = ConversationsListViewController.swift; sourceTree = "<group>"; };
		BD28514C2AA9FFAA0063BCE3 /* ConversationsListViewCell.swift */ = {isa = PBXFileReference; lastKnownFileType = sourcecode.swift; path = ConversationsListViewCell.swift; sourceTree = "<group>"; };
		BD28514E2AACCA700063BCE3 /* ConversationCellModel.swift */ = {isa = PBXFileReference; lastKnownFileType = sourcecode.swift; path = ConversationCellModel.swift; sourceTree = "<group>"; };
		BD2851502AADE91A0063BCE3 /* ConfigurableViewProtocol.swift */ = {isa = PBXFileReference; lastKnownFileType = sourcecode.swift; path = ConfigurableViewProtocol.swift; sourceTree = "<group>"; };
		BD2851522AAF13680063BCE3 /* ConversationViewController.swift */ = {isa = PBXFileReference; lastKnownFileType = sourcecode.swift; path = ConversationViewController.swift; sourceTree = "<group>"; };
/* End PBXFileReference section */

/* Begin PBXFrameworksBuildPhase section */
		BD24900C2AA8650E00AFB885 /* Frameworks */ = {
			isa = PBXFrameworksBuildPhase;
			buildActionMask = 2147483647;
			files = (
				BD2851472AA973110063BCE3 /* SnapKit in Frameworks */,
			);
			runOnlyForDeploymentPostprocessing = 0;
		};
/* End PBXFrameworksBuildPhase section */

/* Begin PBXGroup section */
		BD1A51CF2AAF280A0042E166 /* App */ = {
			isa = PBXGroup;
			children = (
				BD2490122AA8650E00AFB885 /* AppDelegate.swift */,
				BD2490142AA8650E00AFB885 /* SceneDelegate.swift */,
			);
			path = App;
			sourceTree = "<group>";
		};
		BD1A51D02AAF28250042E166 /* ConversationsList */ = {
			isa = PBXGroup;
			children = (
				BD2851502AADE91A0063BCE3 /* ConfigurableViewProtocol.swift */,
				BD28514E2AACCA700063BCE3 /* ConversationCellModel.swift */,
				BD28514C2AA9FFAA0063BCE3 /* ConversationsListViewCell.swift */,
				BD28514A2AA9F8910063BCE3 /* ConversationsListViewController.swift */,
			);
			path = ConversationsList;
			sourceTree = "<group>";
		};
		BD1A51D12AAF28370042E166 /* Conversations */ = {
			isa = PBXGroup;
			children = (
				BD2851522AAF13680063BCE3 /* ConversationViewController.swift */,
			);
			path = Conversations;
			sourceTree = "<group>";
		};
		BD2490062AA8650E00AFB885 = {
			isa = PBXGroup;
			children = (
				BD2490112AA8650E00AFB885 /* Chat */,
				BD2490102AA8650E00AFB885 /* Products */,
			);
			sourceTree = "<group>";
		};
		BD2490102AA8650E00AFB885 /* Products */ = {
			isa = PBXGroup;
			children = (
				BD24900F2AA8650E00AFB885 /* Chat.app */,
			);
			name = Products;
			sourceTree = "<group>";
		};
		BD2490112AA8650E00AFB885 /* Chat */ = {
			isa = PBXGroup;
			children = (
				BD1A51CF2AAF280A0042E166 /* App */,
				BD1A51D02AAF28250042E166 /* ConversationsList */,
				BD1A51D12AAF28370042E166 /* Conversations */,
				BD2490162AA8650E00AFB885 /* ViewController.swift */,
				BD2851432AA957F20063BCE3 /* ProfileViewController.swift */,
				BD2490182AA8650E00AFB885 /* Main.storyboard */,
				BD24901B2AA8651000AFB885 /* Assets.xcassets */,
				BD24901D2AA8651000AFB885 /* LaunchScreen.storyboard */,
				BD2490202AA8651000AFB885 /* Info.plist */,
			);
			path = Chat;
			sourceTree = "<group>";
		};
/* End PBXGroup section */

/* Begin PBXNativeTarget section */
		BD24900E2AA8650E00AFB885 /* Chat */ = {
			isa = PBXNativeTarget;
			buildConfigurationList = BD2490232AA8651000AFB885 /* Build configuration list for PBXNativeTarget "Chat" */;
			buildPhases = (
				BD24900B2AA8650E00AFB885 /* Sources */,
				BD24900C2AA8650E00AFB885 /* Frameworks */,
				BD24900D2AA8650E00AFB885 /* Resources */,
			);
			buildRules = (
			);
			dependencies = (
			);
			name = Chat;
			packageProductDependencies = (
				BD2851462AA973110063BCE3 /* SnapKit */,
			);
			productName = Chat;
			productReference = BD24900F2AA8650E00AFB885 /* Chat.app */;
			productType = "com.apple.product-type.application";
		};
/* End PBXNativeTarget section */

/* Begin PBXProject section */
		BD2490072AA8650E00AFB885 /* Project object */ = {
			isa = PBXProject;
			attributes = {
				BuildIndependentTargetsInParallel = 1;
				LastSwiftUpdateCheck = 1420;
				LastUpgradeCheck = 1420;
				TargetAttributes = {
					BD24900E2AA8650E00AFB885 = {
						CreatedOnToolsVersion = 14.2;
					};
				};
			};
			buildConfigurationList = BD24900A2AA8650E00AFB885 /* Build configuration list for PBXProject "Chat" */;
			compatibilityVersion = "Xcode 14.0";
			developmentRegion = en;
			hasScannedForEncodings = 0;
			knownRegions = (
				en,
				Base,
			);
			mainGroup = BD2490062AA8650E00AFB885;
			packageReferences = (
				BD2851452AA973110063BCE3 /* XCRemoteSwiftPackageReference "SnapKit" */,
			);
			productRefGroup = BD2490102AA8650E00AFB885 /* Products */;
			projectDirPath = "";
			projectRoot = "";
			targets = (
				BD24900E2AA8650E00AFB885 /* Chat */,
			);
		};
/* End PBXProject section */

/* Begin PBXResourcesBuildPhase section */
		BD24900D2AA8650E00AFB885 /* Resources */ = {
			isa = PBXResourcesBuildPhase;
			buildActionMask = 2147483647;
			files = (
				BD24901F2AA8651000AFB885 /* LaunchScreen.storyboard in Resources */,
				BD24901C2AA8651000AFB885 /* Assets.xcassets in Resources */,
				BD24901A2AA8650E00AFB885 /* Main.storyboard in Resources */,
			);
			runOnlyForDeploymentPostprocessing = 0;
		};
/* End PBXResourcesBuildPhase section */

/* Begin PBXSourcesBuildPhase section */
		BD24900B2AA8650E00AFB885 /* Sources */ = {
			isa = PBXSourcesBuildPhase;
			buildActionMask = 2147483647;
			files = (
				BD2490172AA8650E00AFB885 /* ViewController.swift in Sources */,
				BD28514B2AA9F8910063BCE3 /* ConversationsListViewController.swift in Sources */,
				BD2851532AAF13680063BCE3 /* ConversationViewController.swift in Sources */,
				BD2490132AA8650E00AFB885 /* AppDelegate.swift in Sources */,
				BD28514D2AA9FFAA0063BCE3 /* ConversationsListViewCell.swift in Sources */,
				BD2851442AA957F20063BCE3 /* ProfileViewController.swift in Sources */,
				BD28514F2AACCA700063BCE3 /* ConversationCellModel.swift in Sources */,
				BD2490152AA8650E00AFB885 /* SceneDelegate.swift in Sources */,
				BD2851512AADE91A0063BCE3 /* ConfigurableViewProtocol.swift in Sources */,
			);
			runOnlyForDeploymentPostprocessing = 0;
		};
/* End PBXSourcesBuildPhase section */

/* Begin PBXVariantGroup section */
		BD2490182AA8650E00AFB885 /* Main.storyboard */ = {
			isa = PBXVariantGroup;
			children = (
				BD2490192AA8650E00AFB885 /* Base */,
			);
			name = Main.storyboard;
			sourceTree = "<group>";
		};
		BD24901D2AA8651000AFB885 /* LaunchScreen.storyboard */ = {
			isa = PBXVariantGroup;
			children = (
				BD24901E2AA8651000AFB885 /* Base */,
			);
			name = LaunchScreen.storyboard;
			sourceTree = "<group>";
		};
/* End PBXVariantGroup section */

/* Begin XCBuildConfiguration section */
		BD2490212AA8651000AFB885 /* Debug */ = {
			isa = XCBuildConfiguration;
			buildSettings = {
				ALWAYS_SEARCH_USER_PATHS = NO;
				CLANG_ANALYZER_NONNULL = YES;
				CLANG_ANALYZER_NUMBER_OBJECT_CONVERSION = YES_AGGRESSIVE;
				CLANG_CXX_LANGUAGE_STANDARD = "gnu++20";
				CLANG_ENABLE_MODULES = YES;
				CLANG_ENABLE_OBJC_ARC = YES;
				CLANG_ENABLE_OBJC_WEAK = YES;
				CLANG_WARN_BLOCK_CAPTURE_AUTORELEASING = YES;
				CLANG_WARN_BOOL_CONVERSION = YES;
				CLANG_WARN_COMMA = YES;
				CLANG_WARN_CONSTANT_CONVERSION = YES;
				CLANG_WARN_DEPRECATED_OBJC_IMPLEMENTATIONS = YES;
				CLANG_WARN_DIRECT_OBJC_ISA_USAGE = YES_ERROR;
				CLANG_WARN_DOCUMENTATION_COMMENTS = YES;
				CLANG_WARN_EMPTY_BODY = YES;
				CLANG_WARN_ENUM_CONVERSION = YES;
				CLANG_WARN_INFINITE_RECURSION = YES;
				CLANG_WARN_INT_CONVERSION = YES;
				CLANG_WARN_NON_LITERAL_NULL_CONVERSION = YES;
				CLANG_WARN_OBJC_IMPLICIT_RETAIN_SELF = YES;
				CLANG_WARN_OBJC_LITERAL_CONVERSION = YES;
				CLANG_WARN_OBJC_ROOT_CLASS = YES_ERROR;
				CLANG_WARN_QUOTED_INCLUDE_IN_FRAMEWORK_HEADER = YES;
				CLANG_WARN_RANGE_LOOP_ANALYSIS = YES;
				CLANG_WARN_STRICT_PROTOTYPES = YES;
				CLANG_WARN_SUSPICIOUS_MOVE = YES;
				CLANG_WARN_UNGUARDED_AVAILABILITY = YES_AGGRESSIVE;
				CLANG_WARN_UNREACHABLE_CODE = YES;
				CLANG_WARN__DUPLICATE_METHOD_MATCH = YES;
				COPY_PHASE_STRIP = NO;
				DEBUG_INFORMATION_FORMAT = dwarf;
				ENABLE_STRICT_OBJC_MSGSEND = YES;
				ENABLE_TESTABILITY = YES;
				GCC_C_LANGUAGE_STANDARD = gnu11;
				GCC_DYNAMIC_NO_PIC = NO;
				GCC_NO_COMMON_BLOCKS = YES;
				GCC_OPTIMIZATION_LEVEL = 0;
				GCC_PREPROCESSOR_DEFINITIONS = (
					"DEBUG=1",
					"$(inherited)",
				);
				GCC_WARN_64_TO_32_BIT_CONVERSION = YES;
				GCC_WARN_ABOUT_RETURN_TYPE = YES_ERROR;
				GCC_WARN_UNDECLARED_SELECTOR = YES;
				GCC_WARN_UNINITIALIZED_AUTOS = YES_AGGRESSIVE;
				GCC_WARN_UNUSED_FUNCTION = YES;
				GCC_WARN_UNUSED_VARIABLE = YES;
				IPHONEOS_DEPLOYMENT_TARGET = 16.2;
				MTL_ENABLE_DEBUG_INFO = INCLUDE_SOURCE;
				MTL_FAST_MATH = YES;
				ONLY_ACTIVE_ARCH = YES;
				SDKROOT = iphoneos;
				SWIFT_ACTIVE_COMPILATION_CONDITIONS = DEBUG;
				SWIFT_OPTIMIZATION_LEVEL = "-Onone";
			};
			name = Debug;
		};
		BD2490222AA8651000AFB885 /* Release */ = {
			isa = XCBuildConfiguration;
			buildSettings = {
				ALWAYS_SEARCH_USER_PATHS = NO;
				CLANG_ANALYZER_NONNULL = YES;
				CLANG_ANALYZER_NUMBER_OBJECT_CONVERSION = YES_AGGRESSIVE;
				CLANG_CXX_LANGUAGE_STANDARD = "gnu++20";
				CLANG_ENABLE_MODULES = YES;
				CLANG_ENABLE_OBJC_ARC = YES;
				CLANG_ENABLE_OBJC_WEAK = YES;
				CLANG_WARN_BLOCK_CAPTURE_AUTORELEASING = YES;
				CLANG_WARN_BOOL_CONVERSION = YES;
				CLANG_WARN_COMMA = YES;
				CLANG_WARN_CONSTANT_CONVERSION = YES;
				CLANG_WARN_DEPRECATED_OBJC_IMPLEMENTATIONS = YES;
				CLANG_WARN_DIRECT_OBJC_ISA_USAGE = YES_ERROR;
				CLANG_WARN_DOCUMENTATION_COMMENTS = YES;
				CLANG_WARN_EMPTY_BODY = YES;
				CLANG_WARN_ENUM_CONVERSION = YES;
				CLANG_WARN_INFINITE_RECURSION = YES;
				CLANG_WARN_INT_CONVERSION = YES;
				CLANG_WARN_NON_LITERAL_NULL_CONVERSION = YES;
				CLANG_WARN_OBJC_IMPLICIT_RETAIN_SELF = YES;
				CLANG_WARN_OBJC_LITERAL_CONVERSION = YES;
				CLANG_WARN_OBJC_ROOT_CLASS = YES_ERROR;
				CLANG_WARN_QUOTED_INCLUDE_IN_FRAMEWORK_HEADER = YES;
				CLANG_WARN_RANGE_LOOP_ANALYSIS = YES;
				CLANG_WARN_STRICT_PROTOTYPES = YES;
				CLANG_WARN_SUSPICIOUS_MOVE = YES;
				CLANG_WARN_UNGUARDED_AVAILABILITY = YES_AGGRESSIVE;
				CLANG_WARN_UNREACHABLE_CODE = YES;
				CLANG_WARN__DUPLICATE_METHOD_MATCH = YES;
				COPY_PHASE_STRIP = NO;
				DEBUG_INFORMATION_FORMAT = "dwarf-with-dsym";
				ENABLE_NS_ASSERTIONS = NO;
				ENABLE_STRICT_OBJC_MSGSEND = YES;
				GCC_C_LANGUAGE_STANDARD = gnu11;
				GCC_NO_COMMON_BLOCKS = YES;
				GCC_WARN_64_TO_32_BIT_CONVERSION = YES;
				GCC_WARN_ABOUT_RETURN_TYPE = YES_ERROR;
				GCC_WARN_UNDECLARED_SELECTOR = YES;
				GCC_WARN_UNINITIALIZED_AUTOS = YES_AGGRESSIVE;
				GCC_WARN_UNUSED_FUNCTION = YES;
				GCC_WARN_UNUSED_VARIABLE = YES;
				IPHONEOS_DEPLOYMENT_TARGET = 16.2;
				MTL_ENABLE_DEBUG_INFO = NO;
				MTL_FAST_MATH = YES;
				SDKROOT = iphoneos;
				SWIFT_COMPILATION_MODE = wholemodule;
				SWIFT_OPTIMIZATION_LEVEL = "-O";
				VALIDATE_PRODUCT = YES;
			};
			name = Release;
		};
		BD2490242AA8651000AFB885 /* Debug */ = {
			isa = XCBuildConfiguration;
			buildSettings = {
				ASSETCATALOG_COMPILER_APPICON_NAME = AppIcon;
				ASSETCATALOG_COMPILER_GLOBAL_ACCENT_COLOR_NAME = AccentColor;
				CODE_SIGN_STYLE = Automatic;
				CURRENT_PROJECT_VERSION = 1;
				DEVELOPMENT_TEAM = MADC696R32;
				GENERATE_INFOPLIST_FILE = YES;
				INFOPLIST_FILE = Chat/Info.plist;
				INFOPLIST_KEY_UIApplicationSupportsIndirectInputEvents = YES;
				INFOPLIST_KEY_UILaunchStoryboardName = LaunchScreen;
				INFOPLIST_KEY_UIMainStoryboardFile = Main;
				INFOPLIST_KEY_UISupportedInterfaceOrientations_iPad = "UIInterfaceOrientationPortrait UIInterfaceOrientationPortraitUpsideDown UIInterfaceOrientationLandscapeLeft UIInterfaceOrientationLandscapeRight";
				INFOPLIST_KEY_UISupportedInterfaceOrientations_iPhone = "UIInterfaceOrientationPortrait UIInterfaceOrientationLandscapeLeft UIInterfaceOrientationLandscapeRight";
				LD_RUNPATH_SEARCH_PATHS = (
					"$(inherited)",
					"@executable_path/Frameworks",
				);
				MARKETING_VERSION = 1.0;
				PRODUCT_BUNDLE_IDENTIFIER = "Akyl-Mukatay.Chat";
				PRODUCT_NAME = "$(TARGET_NAME)";
				SWIFT_EMIT_LOC_STRINGS = YES;
				SWIFT_VERSION = 5.0;
				TARGETED_DEVICE_FAMILY = "1,2";
			};
			name = Debug;
		};
		BD2490252AA8651000AFB885 /* Release */ = {
			isa = XCBuildConfiguration;
			buildSettings = {
				ASSETCATALOG_COMPILER_APPICON_NAME = AppIcon;
				ASSETCATALOG_COMPILER_GLOBAL_ACCENT_COLOR_NAME = AccentColor;
				CODE_SIGN_STYLE = Automatic;
				CURRENT_PROJECT_VERSION = 1;
				DEVELOPMENT_TEAM = MADC696R32;
				GENERATE_INFOPLIST_FILE = YES;
				INFOPLIST_FILE = Chat/Info.plist;
				INFOPLIST_KEY_UIApplicationSupportsIndirectInputEvents = YES;
				INFOPLIST_KEY_UILaunchStoryboardName = LaunchScreen;
				INFOPLIST_KEY_UIMainStoryboardFile = Main;
				INFOPLIST_KEY_UISupportedInterfaceOrientations_iPad = "UIInterfaceOrientationPortrait UIInterfaceOrientationPortraitUpsideDown UIInterfaceOrientationLandscapeLeft UIInterfaceOrientationLandscapeRight";
				INFOPLIST_KEY_UISupportedInterfaceOrientations_iPhone = "UIInterfaceOrientationPortrait UIInterfaceOrientationLandscapeLeft UIInterfaceOrientationLandscapeRight";
				LD_RUNPATH_SEARCH_PATHS = (
					"$(inherited)",
					"@executable_path/Frameworks",
				);
				MARKETING_VERSION = 1.0;
				PRODUCT_BUNDLE_IDENTIFIER = "Akyl-Mukatay.Chat";
				PRODUCT_NAME = "$(TARGET_NAME)";
				SWIFT_EMIT_LOC_STRINGS = YES;
				SWIFT_VERSION = 5.0;
				TARGETED_DEVICE_FAMILY = "1,2";
			};
			name = Release;
		};
/* End XCBuildConfiguration section */

/* Begin XCConfigurationList section */
		BD24900A2AA8650E00AFB885 /* Build configuration list for PBXProject "Chat" */ = {
			isa = XCConfigurationList;
			buildConfigurations = (
				BD2490212AA8651000AFB885 /* Debug */,
				BD2490222AA8651000AFB885 /* Release */,
			);
			defaultConfigurationIsVisible = 0;
			defaultConfigurationName = Release;
		};
		BD2490232AA8651000AFB885 /* Build configuration list for PBXNativeTarget "Chat" */ = {
			isa = XCConfigurationList;
			buildConfigurations = (
				BD2490242AA8651000AFB885 /* Debug */,
				BD2490252AA8651000AFB885 /* Release */,
			);
			defaultConfigurationIsVisible = 0;
			defaultConfigurationName = Release;
		};
/* End XCConfigurationList section */

/* Begin XCRemoteSwiftPackageReference section */
		BD2851452AA973110063BCE3 /* XCRemoteSwiftPackageReference "SnapKit" */ = {
			isa = XCRemoteSwiftPackageReference;
			repositoryURL = "https://github.com/SnapKit/SnapKit.git";
			requirement = {
				branch = develop;
				kind = branch;
			};
		};
/* End XCRemoteSwiftPackageReference section */

/* Begin XCSwiftPackageProductDependency section */
		BD2851462AA973110063BCE3 /* SnapKit */ = {
			isa = XCSwiftPackageProductDependency;
			package = BD2851452AA973110063BCE3 /* XCRemoteSwiftPackageReference "SnapKit" */;
			productName = SnapKit;
		};
/* End XCSwiftPackageProductDependency section */
	};
	rootObject = BD2490072AA8650E00AFB885 /* Project object */;
}
